{
  "lockfileVersion": 1,
  "workspaces": {
    "": {
      "name": "@alii/api",
      "dependencies": {
        "@kaito-http/core": "^3.0.2",
        "@kaito-http/uws": "3.0.0-beta.21",
        "@prequist/lanyard": "^0.0.2",
        "alistair": "^1.12.0",
        "dotenv": "^16.4.7",
        "es-urlcat": "^1.0.0",
        "jimp": "^1.6.0",
        "tsx": "^4.19.2",
        "zod": "^3.24.1",
      },
      "devDependencies": {
        "@types/node": "^22.10.5",
        "prettier": "^3.4.2",
        "typescript": "^5.7.3",
      },
    },
  },
  "packages": {
    "@esbuild/aix-ppc64": ["@esbuild/aix-ppc64@0.23.1", "", { "os": "aix", "cpu": "ppc64" }, "sha512-6VhYk1diRqrhBAqpJEdjASR/+WVRtfjpqKuNw11cLiaWpAT/Uu+nokB+UJnevzy/P9C/ty6AOe0dwueMrGh/iQ=="],

    "@esbuild/android-arm": ["@esbuild/android-arm@0.23.1", "", { "os": "android", "cpu": "arm" }, "sha512-uz6/tEy2IFm9RYOyvKl88zdzZfwEfKZmnX9Cj1BHjeSGNuGLuMD1kR8y5bteYmwqKm1tj8m4cb/aKEorr6fHWQ=="],

    "@esbuild/android-arm64": ["@esbuild/android-arm64@0.23.1", "", { "os": "android", "cpu": "arm64" }, "sha512-xw50ipykXcLstLeWH7WRdQuysJqejuAGPd30vd1i5zSyKK3WE+ijzHmLKxdiCMtH1pHz78rOg0BKSYOSB/2Khw=="],

    "@esbuild/android-x64": ["@esbuild/android-x64@0.23.1", "", { "os": "android", "cpu": "x64" }, "sha512-nlN9B69St9BwUoB+jkyU090bru8L0NA3yFvAd7k8dNsVH8bi9a8cUAUSEcEEgTp2z3dbEDGJGfP6VUnkQnlReg=="],

    "@esbuild/darwin-arm64": ["@esbuild/darwin-arm64@0.23.1", "", { "os": "darwin", "cpu": "arm64" }, "sha512-YsS2e3Wtgnw7Wq53XXBLcV6JhRsEq8hkfg91ESVadIrzr9wO6jJDMZnCQbHm1Guc5t/CdDiFSSfWP58FNuvT3Q=="],

    "@esbuild/darwin-x64": ["@esbuild/darwin-x64@0.23.1", "", { "os": "darwin", "cpu": "x64" }, "sha512-aClqdgTDVPSEGgoCS8QDG37Gu8yc9lTHNAQlsztQ6ENetKEO//b8y31MMu2ZaPbn4kVsIABzVLXYLhCGekGDqw=="],

    "@esbuild/freebsd-arm64": ["@esbuild/freebsd-arm64@0.23.1", "", { "os": "freebsd", "cpu": "arm64" }, "sha512-h1k6yS8/pN/NHlMl5+v4XPfikhJulk4G+tKGFIOwURBSFzE8bixw1ebjluLOjfwtLqY0kewfjLSrO6tN2MgIhA=="],

    "@esbuild/freebsd-x64": ["@esbuild/freebsd-x64@0.23.1", "", { "os": "freebsd", "cpu": "x64" }, "sha512-lK1eJeyk1ZX8UklqFd/3A60UuZ/6UVfGT2LuGo3Wp4/z7eRTRYY+0xOu2kpClP+vMTi9wKOfXi2vjUpO1Ro76g=="],

    "@esbuild/linux-arm": ["@esbuild/linux-arm@0.23.1", "", { "os": "linux", "cpu": "arm" }, "sha512-CXXkzgn+dXAPs3WBwE+Kvnrf4WECwBdfjfeYHpMeVxWE0EceB6vhWGShs6wi0IYEqMSIzdOF1XjQ/Mkm5d7ZdQ=="],

    "@esbuild/linux-arm64": ["@esbuild/linux-arm64@0.23.1", "", { "os": "linux", "cpu": "arm64" }, "sha512-/93bf2yxencYDnItMYV/v116zff6UyTjo4EtEQjUBeGiVpMmffDNUyD9UN2zV+V3LRV3/on4xdZ26NKzn6754g=="],

    "@esbuild/linux-ia32": ["@esbuild/linux-ia32@0.23.1", "", { "os": "linux", "cpu": "ia32" }, "sha512-VTN4EuOHwXEkXzX5nTvVY4s7E/Krz7COC8xkftbbKRYAl96vPiUssGkeMELQMOnLOJ8k3BY1+ZY52tttZnHcXQ=="],

    "@esbuild/linux-loong64": ["@esbuild/linux-loong64@0.23.1", "", { "os": "linux", "cpu": "none" }, "sha512-Vx09LzEoBa5zDnieH8LSMRToj7ir/Jeq0Gu6qJ/1GcBq9GkfoEAoXvLiW1U9J1qE/Y/Oyaq33w5p2ZWrNNHNEw=="],

    "@esbuild/linux-mips64el": ["@esbuild/linux-mips64el@0.23.1", "", { "os": "linux", "cpu": "none" }, "sha512-nrFzzMQ7W4WRLNUOU5dlWAqa6yVeI0P78WKGUo7lg2HShq/yx+UYkeNSE0SSfSure0SqgnsxPvmAUu/vu0E+3Q=="],

    "@esbuild/linux-ppc64": ["@esbuild/linux-ppc64@0.23.1", "", { "os": "linux", "cpu": "ppc64" }, "sha512-dKN8fgVqd0vUIjxuJI6P/9SSSe/mB9rvA98CSH2sJnlZ/OCZWO1DJvxj8jvKTfYUdGfcq2dDxoKaC6bHuTlgcw=="],

    "@esbuild/linux-riscv64": ["@esbuild/linux-riscv64@0.23.1", "", { "os": "linux", "cpu": "none" }, "sha512-5AV4Pzp80fhHL83JM6LoA6pTQVWgB1HovMBsLQ9OZWLDqVY8MVobBXNSmAJi//Csh6tcY7e7Lny2Hg1tElMjIA=="],

    "@esbuild/linux-s390x": ["@esbuild/linux-s390x@0.23.1", "", { "os": "linux", "cpu": "s390x" }, "sha512-9ygs73tuFCe6f6m/Tb+9LtYxWR4c9yg7zjt2cYkjDbDpV/xVn+68cQxMXCjUpYwEkze2RcU/rMnfIXNRFmSoDw=="],

    "@esbuild/linux-x64": ["@esbuild/linux-x64@0.23.1", "", { "os": "linux", "cpu": "x64" }, "sha512-EV6+ovTsEXCPAp58g2dD68LxoP/wK5pRvgy0J/HxPGB009omFPv3Yet0HiaqvrIrgPTBuC6wCH1LTOY91EO5hQ=="],

    "@esbuild/netbsd-x64": ["@esbuild/netbsd-x64@0.23.1", "", { "os": "none", "cpu": "x64" }, "sha512-aevEkCNu7KlPRpYLjwmdcuNz6bDFiE7Z8XC4CPqExjTvrHugh28QzUXVOZtiYghciKUacNktqxdpymplil1beA=="],

    "@esbuild/openbsd-arm64": ["@esbuild/openbsd-arm64@0.23.1", "", { "os": "openbsd", "cpu": "arm64" }, "sha512-3x37szhLexNA4bXhLrCC/LImN/YtWis6WXr1VESlfVtVeoFJBRINPJ3f0a/6LV8zpikqoUg4hyXw0sFBt5Cr+Q=="],

    "@esbuild/openbsd-x64": ["@esbuild/openbsd-x64@0.23.1", "", { "os": "openbsd", "cpu": "x64" }, "sha512-aY2gMmKmPhxfU+0EdnN+XNtGbjfQgwZj43k8G3fyrDM/UdZww6xrWxmDkuz2eCZchqVeABjV5BpildOrUbBTqA=="],

    "@esbuild/sunos-x64": ["@esbuild/sunos-x64@0.23.1", "", { "os": "sunos", "cpu": "x64" }, "sha512-RBRT2gqEl0IKQABT4XTj78tpk9v7ehp+mazn2HbUeZl1YMdaGAQqhapjGTCe7uw7y0frDi4gS0uHzhvpFuI1sA=="],

    "@esbuild/win32-arm64": ["@esbuild/win32-arm64@0.23.1", "", { "os": "win32", "cpu": "arm64" }, "sha512-4O+gPR5rEBe2FpKOVyiJ7wNDPA8nGzDuJ6gN4okSA1gEOYZ67N8JPk58tkWtdtPeLz7lBnY6I5L3jdsr3S+A6A=="],

    "@esbuild/win32-ia32": ["@esbuild/win32-ia32@0.23.1", "", { "os": "win32", "cpu": "ia32" }, "sha512-BcaL0Vn6QwCwre3Y717nVHZbAa4UBEigzFm6VdsVdT/MbZ38xoj1X9HPkZhbmaBGUD1W8vxAfffbDe8bA6AKnQ=="],

    "@esbuild/win32-x64": ["@esbuild/win32-x64@0.23.1", "", { "os": "win32", "cpu": "x64" }, "sha512-BHpFFeslkWrXWyUPnbKm+xYYVYruCinGcftSBaa8zoF9hZO4BcSCFUvHVTtzpIY6YzUnYtuEhZ+C9iEXjxnasg=="],

    "@jimp/core": ["@jimp/core@1.6.0", "", { "dependencies": { "@jimp/file-ops": "1.6.0", "@jimp/types": "1.6.0", "@jimp/utils": "1.6.0", "await-to-js": "^3.0.0", "exif-parser": "^0.1.12", "file-type": "^16.0.0", "mime": "3" } }, "sha512-EQQlKU3s9QfdJqiSrZWNTxBs3rKXgO2W+GxNXDtwchF3a4IqxDheFX1ti+Env9hdJXDiYLp2jTRjlxhPthsk8w=="],

    "@jimp/diff": ["@jimp/diff@1.6.0", "", { "dependencies": { "@jimp/plugin-resize": "1.6.0", "@jimp/types": "1.6.0", "@jimp/utils": "1.6.0", "pixelmatch": "^5.3.0" } }, "sha512-+yUAQ5gvRC5D1WHYxjBHZI7JBRusGGSLf8AmPRPCenTzh4PA+wZ1xv2+cYqQwTfQHU5tXYOhA0xDytfHUf1Zyw=="],

    "@jimp/file-ops": ["@jimp/file-ops@1.6.0", "", {}, "sha512-Dx/bVDmgnRe1AlniRpCKrGRm5YvGmUwbDzt+MAkgmLGf+jvBT75hmMEZ003n9HQI/aPnm/YKnXjg/hOpzNCpHQ=="],

    "@jimp/js-bmp": ["@jimp/js-bmp@1.6.0", "", { "dependencies": { "@jimp/core": "1.6.0", "@jimp/types": "1.6.0", "@jimp/utils": "1.6.0", "bmp-ts": "^1.0.9" } }, "sha512-FU6Q5PC/e3yzLyBDXupR3SnL3htU7S3KEs4e6rjDP6gNEOXRFsWs6YD3hXuXd50jd8ummy+q2WSwuGkr8wi+Gw=="],

    "@jimp/js-gif": ["@jimp/js-gif@1.6.0", "", { "dependencies": { "@jimp/core": "1.6.0", "@jimp/types": "1.6.0", "gifwrap": "^0.10.1", "omggif": "^1.0.10" } }, "sha512-N9CZPHOrJTsAUoWkWZstLPpwT5AwJ0wge+47+ix3++SdSL/H2QzyMqxbcDYNFe4MoI5MIhATfb0/dl/wmX221g=="],

    "@jimp/js-jpeg": ["@jimp/js-jpeg@1.6.0", "", { "dependencies": { "@jimp/core": "1.6.0", "@jimp/types": "1.6.0", "jpeg-js": "^0.4.4" } }, "sha512-6vgFDqeusblf5Pok6B2DUiMXplH8RhIKAryj1yn+007SIAQ0khM1Uptxmpku/0MfbClx2r7pnJv9gWpAEJdMVA=="],

    "@jimp/js-png": ["@jimp/js-png@1.6.0", "", { "dependencies": { "@jimp/core": "1.6.0", "@jimp/types": "1.6.0", "pngjs": "^7.0.0" } }, "sha512-AbQHScy3hDDgMRNfG0tPjL88AV6qKAILGReIa3ATpW5QFjBKpisvUaOqhzJ7Reic1oawx3Riyv152gaPfqsBVg=="],

    "@jimp/js-tiff": ["@jimp/js-tiff@1.6.0", "", { "dependencies": { "@jimp/core": "1.6.0", "@jimp/types": "1.6.0", "utif2": "^4.1.0" } }, "sha512-zhReR8/7KO+adijj3h0ZQUOiun3mXUv79zYEAKvE0O+rP7EhgtKvWJOZfRzdZSNv0Pu1rKtgM72qgtwe2tFvyw=="],

    "@jimp/plugin-blit": ["@jimp/plugin-blit@1.6.0", "", { "dependencies": { "@jimp/types": "1.6.0", "@jimp/utils": "1.6.0", "zod": "^3.23.8" } }, "sha512-M+uRWl1csi7qilnSK8uxK4RJMSuVeBiO1AY0+7APnfUbQNZm6hCe0CCFv1Iyw1D/Dhb8ph8fQgm5mwM0eSxgVA=="],

    "@jimp/plugin-blur": ["@jimp/plugin-blur@1.6.0", "", { "dependencies": { "@jimp/core": "1.6.0", "@jimp/utils": "1.6.0" } }, "sha512-zrM7iic1OTwUCb0g/rN5y+UnmdEsT3IfuCXCJJNs8SZzP0MkZ1eTvuwK9ZidCuMo4+J3xkzCidRwYXB5CyGZTw=="],

    "@jimp/plugin-circle": ["@jimp/plugin-circle@1.6.0", "", { "dependencies": { "@jimp/types": "1.6.0", "zod": "^3.23.8" } }, "sha512-xt1Gp+LtdMKAXfDp3HNaG30SPZW6AQ7dtAtTnoRKorRi+5yCJjKqXRgkewS5bvj8DEh87Ko1ydJfzqS3P2tdWw=="],

    "@jimp/plugin-color": ["@jimp/plugin-color@1.6.0", "", { "dependencies": { "@jimp/core": "1.6.0", "@jimp/types": "1.6.0", "@jimp/utils": "1.6.0", "tinycolor2": "^1.6.0", "zod": "^3.23.8" } }, "sha512-J5q8IVCpkBsxIXM+45XOXTrsyfblyMZg3a9eAo0P7VPH4+CrvyNQwaYatbAIamSIN1YzxmO3DkIZXzRjFSz1SA=="],

    "@jimp/plugin-contain": ["@jimp/plugin-contain@1.6.0", "", { "dependencies": { "@jimp/core": "1.6.0", "@jimp/plugin-blit": "1.6.0", "@jimp/plugin-resize": "1.6.0", "@jimp/types": "1.6.0", "@jimp/utils": "1.6.0", "zod": "^3.23.8" } }, "sha512-oN/n+Vdq/Qg9bB4yOBOxtY9IPAtEfES8J1n9Ddx+XhGBYT1/QTU/JYkGaAkIGoPnyYvmLEDqMz2SGihqlpqfzQ=="],

    "@jimp/plugin-cover": ["@jimp/plugin-cover@1.6.0", "", { "dependencies": { "@jimp/core": "1.6.0", "@jimp/plugin-crop": "1.6.0", "@jimp/plugin-resize": "1.6.0", "@jimp/types": "1.6.0", "zod": "^3.23.8" } }, "sha512-Iow0h6yqSC269YUJ8HC3Q/MpCi2V55sMlbkkTTx4zPvd8mWZlC0ykrNDeAy9IJegrQ7v5E99rJwmQu25lygKLA=="],

    "@jimp/plugin-crop": ["@jimp/plugin-crop@1.6.0", "", { "dependencies": { "@jimp/core": "1.6.0", "@jimp/types": "1.6.0", "@jimp/utils": "1.6.0", "zod": "^3.23.8" } }, "sha512-KqZkEhvs+21USdySCUDI+GFa393eDIzbi1smBqkUPTE+pRwSWMAf01D5OC3ZWB+xZsNla93BDS9iCkLHA8wang=="],

    "@jimp/plugin-displace": ["@jimp/plugin-displace@1.6.0", "", { "dependencies": { "@jimp/types": "1.6.0", "@jimp/utils": "1.6.0", "zod": "^3.23.8" } }, "sha512-4Y10X9qwr5F+Bo5ME356XSACEF55485j5nGdiyJ9hYzjQP9nGgxNJaZ4SAOqpd+k5sFaIeD7SQ0Occ26uIng5Q=="],

    "@jimp/plugin-dither": ["@jimp/plugin-dither@1.6.0", "", { "dependencies": { "@jimp/types": "1.6.0" } }, "sha512-600d1RxY0pKwgyU0tgMahLNKsqEcxGdbgXadCiVCoGd6V6glyCvkNrnnwC0n5aJ56Htkj88PToSdF88tNVZEEQ=="],

    "@jimp/plugin-fisheye": ["@jimp/plugin-fisheye@1.6.0", "", { "dependencies": { "@jimp/types": "1.6.0", "@jimp/utils": "1.6.0", "zod": "^3.23.8" } }, "sha512-E5QHKWSCBFtpgZarlmN3Q6+rTQxjirFqo44ohoTjzYVrDI6B6beXNnPIThJgPr0Y9GwfzgyarKvQuQuqCnnfbA=="],

    "@jimp/plugin-flip": ["@jimp/plugin-flip@1.6.0", "", { "dependencies": { "@jimp/types": "1.6.0", "zod": "^3.23.8" } }, "sha512-/+rJVDuBIVOgwoyVkBjUFHtP+wmW0r+r5OQ2GpatQofToPVbJw1DdYWXlwviSx7hvixTWLKVgRWQ5Dw862emDg=="],

    "@jimp/plugin-hash": ["@jimp/plugin-hash@1.6.0", "", { "dependencies": { "@jimp/core": "1.6.0", "@jimp/js-bmp": "1.6.0", "@jimp/js-jpeg": "1.6.0", "@jimp/js-png": "1.6.0", "@jimp/js-tiff": "1.6.0", "@jimp/plugin-color": "1.6.0", "@jimp/plugin-resize": "1.6.0", "@jimp/types": "1.6.0", "@jimp/utils": "1.6.0", "any-base": "^1.1.0" } }, "sha512-wWzl0kTpDJgYVbZdajTf+4NBSKvmI3bRI8q6EH9CVeIHps9VWVsUvEyb7rpbcwVLWYuzDtP2R0lTT6WeBNQH9Q=="],

    "@jimp/plugin-mask": ["@jimp/plugin-mask@1.6.0", "", { "dependencies": { "@jimp/types": "1.6.0", "zod": "^3.23.8" } }, "sha512-Cwy7ExSJMZszvkad8NV8o/Z92X2kFUFM8mcDAhNVxU0Q6tA0op2UKRJY51eoK8r6eds/qak3FQkXakvNabdLnA=="],

    "@jimp/plugin-print": ["@jimp/plugin-print@1.6.0", "", { "dependencies": { "@jimp/core": "1.6.0", "@jimp/js-jpeg": "1.6.0", "@jimp/js-png": "1.6.0", "@jimp/plugin-blit": "1.6.0", "@jimp/types": "1.6.0", "parse-bmfont-ascii": "^1.0.6", "parse-bmfont-binary": "^1.0.6", "parse-bmfont-xml": "^1.1.6", "simple-xml-to-json": "^1.2.2", "zod": "^3.23.8" } }, "sha512-zarTIJi8fjoGMSI/M3Xh5yY9T65p03XJmPsuNet19K/Q7mwRU6EV2pfj+28++2PV2NJ+htDF5uecAlnGyxFN2A=="],

    "@jimp/plugin-quantize": ["@jimp/plugin-quantize@1.6.0", "", { "dependencies": { "image-q": "^4.0.0", "zod": "^3.23.8" } }, "sha512-EmzZ/s9StYQwbpG6rUGBCisc3f64JIhSH+ncTJd+iFGtGo0YvSeMdAd+zqgiHpfZoOL54dNavZNjF4otK+mvlg=="],

    "@jimp/plugin-resize": ["@jimp/plugin-resize@1.6.0", "", { "dependencies": { "@jimp/core": "1.6.0", "@jimp/types": "1.6.0", "zod": "^3.23.8" } }, "sha512-uSUD1mqXN9i1SGSz5ov3keRZ7S9L32/mAQG08wUwZiEi5FpbV0K8A8l1zkazAIZi9IJzLlTauRNU41Mi8IF9fA=="],

    "@jimp/plugin-rotate": ["@jimp/plugin-rotate@1.6.0", "", { "dependencies": { "@jimp/core": "1.6.0", "@jimp/plugin-crop": "1.6.0", "@jimp/plugin-resize": "1.6.0", "@jimp/types": "1.6.0", "@jimp/utils": "1.6.0", "zod": "^3.23.8" } }, "sha512-JagdjBLnUZGSG4xjCLkIpQOZZ3Mjbg8aGCCi4G69qR+OjNpOeGI7N2EQlfK/WE8BEHOW5vdjSyglNqcYbQBWRw=="],

    "@jimp/plugin-threshold": ["@jimp/plugin-threshold@1.6.0", "", { "dependencies": { "@jimp/core": "1.6.0", "@jimp/plugin-color": "1.6.0", "@jimp/plugin-hash": "1.6.0", "@jimp/types": "1.6.0", "@jimp/utils": "1.6.0", "zod": "^3.23.8" } }, "sha512-M59m5dzLoHOVWdM41O8z9SyySzcDn43xHseOH0HavjsfQsT56GGCC4QzU1banJidbUrePhzoEdS42uFE8Fei8w=="],

    "@jimp/types": ["@jimp/types@1.6.0", "", { "dependencies": { "zod": "^3.23.8" } }, "sha512-7UfRsiKo5GZTAATxm2qQ7jqmUXP0DxTArztllTcYdyw6Xi5oT4RaoXynVtCD4UyLK5gJgkZJcwonoijrhYFKfg=="],

    "@jimp/utils": ["@jimp/utils@1.6.0", "", { "dependencies": { "@jimp/types": "1.6.0", "tinycolor2": "^1.6.0" } }, "sha512-gqFTGEosKbOkYF/WFj26jMHOI5OH2jeP1MmC/zbK6BF6VJBf8rIC5898dPfSzZEbSA0wbbV5slbntWVc5PKLFA=="],

    "@kaito-http/core": ["@kaito-http/core@3.0.2", "", {}, "sha512-jRGPIy895klGHydymMj9aujYSCuI5xR7ACDVE3VZ/a+1TPasT5ahjUoPeS+F7wZ0hXpL/7akhieCrsvxQR1WGg=="],

    "@kaito-http/uws": ["@kaito-http/uws@3.0.0-beta.21", "", { "dependencies": { "uWebSockets.js": "https://github.com/kaito-http/uWebSockets.js#v20.51.0" } }, "sha512-ZFuqiotpySuNC4SqmLA7l0JvF5y5fVLk9J81VOp74EP3oXkRqEZsqqd/oyWl8Xn4Dw7BxpOwJxD84TF24yCAag=="],

    "@prequist/lanyard": ["@prequist/lanyard@0.0.2", "", {}, "sha512-H8kYLvWANEeZ5dvUH/9mZKR7syFIm2RRJ5zcn0I+GhtL/WrV/BtjQqAsHk2DRIu/Z7MSKSvxLUrnKrE67uXc4w=="],

    "@tokenizer/token": ["@tokenizer/token@0.3.0", "", {}, "sha512-OvjF+z51L3ov0OyAU0duzsYuvO01PH7x4t6DJx+guahgTnBHkhJdG7soQeTSFLWN3efnHyibZ4Z8l2EuWwJN3A=="],

    "@types/node": ["@types/node@22.10.5", "", { "dependencies": { "undici-types": "~6.20.0" } }, "sha512-F8Q+SeGimwOo86fiovQh8qiXfFEh2/ocYv7tU5pJ3EXMSSxk1Joj5wefpFK2fHTf/N6HKGSxIDBT9f3gCxXPkQ=="],

    "alistair": ["alistair@1.12.0", "", { "peerDependencies": { "react": "*" } }, "sha512-9AW5LffZevugXova9rI3lFJON1T1tjFrJ0Ll4x7CYEX37EixIDH5G74nk4XQT8J3eq29f/XiVnCskNDTKIEsDQ=="],

    "any-base": ["any-base@1.1.0", "", {}, "sha512-uMgjozySS8adZZYePpaWs8cxB9/kdzmpX6SgJZ+wbz1K5eYk5QMYDVJaZKhxyIHUdnnJkfR7SVgStgH7LkGUyg=="],

    "await-to-js": ["await-to-js@3.0.0", "", {}, "sha512-zJAaP9zxTcvTHRlejau3ZOY4V7SRpiByf3/dxx2uyKxxor19tpmpV2QRsTKikckwhaPmr2dVpxxMr7jOCYVp5g=="],

    "bmp-ts": ["bmp-ts@1.0.9", "", {}, "sha512-cTEHk2jLrPyi+12M3dhpEbnnPOsaZuq7C45ylbbQIiWgDFZq4UVYPEY5mlqjvsj/6gJv9qX5sa+ebDzLXT28Vw=="],

    "call-bind-apply-helpers": ["call-bind-apply-helpers@1.0.1", "", { "dependencies": { "es-errors": "^1.3.0", "function-bind": "^1.1.2" } }, "sha512-BhYE+WDaywFg2TBWYNXAE+8B1ATnThNBqXHP5nQu0jWJdVvY2hvkpyB3qOmtmDePiS5/BDQ8wASEWGMWRG148g=="],

    "call-bound": ["call-bound@1.0.3", "", { "dependencies": { "call-bind-apply-helpers": "^1.0.1", "get-intrinsic": "^1.2.6" } }, "sha512-YTd+6wGlNlPxSuri7Y6X8tY2dmm12UMH66RpKMhiX6rsk5wXXnYgbUcOt8kiS31/AjfoTOvCsE+w8nZQLQnzHA=="],

    "dotenv": ["dotenv@16.4.7", "", {}, "sha512-47qPchRCykZC03FhkYAhrvwU4xDBFIj1QPqaarj6mdM/hgUzfPHcpkHJOn3mJAufFeeAxAzeGsr5X0M4k6fLZQ=="],

    "dunder-proto": ["dunder-proto@1.0.1", "", { "dependencies": { "call-bind-apply-helpers": "^1.0.1", "es-errors": "^1.3.0", "gopd": "^1.2.0" } }, "sha512-KIN/nDJBQRcXw0MLVhZE9iQHmG68qAVIBg9CqmUYjmQIhgij9U5MFvrqkUL5FbtyyzZuOeOt0zdeRe4UY7ct+A=="],

    "es-define-property": ["es-define-property@1.0.1", "", {}, "sha512-e3nRfgfUZ4rNGL232gUgX06QNyyez04KdjFrF+LTRoOXmrOgFKDg4BCdsjW8EnT69eqdYGmRpJwiPVYNrCaW3g=="],

    "es-errors": ["es-errors@1.3.0", "", {}, "sha512-Zf5H2Kxt2xjTvbJvP2ZWLEICxA6j+hAmMzIlypy4xcBg1vKVnx89Wy0GbS+kf5cwCVFFzdCFh2XSCFNULS6csw=="],

    "es-object-atoms": ["es-object-atoms@1.0.0", "", { "dependencies": { "es-errors": "^1.3.0" } }, "sha512-MZ4iQ6JwHOBQjahnjwaC1ZtIBH+2ohjamzAO3oaHcXYup7qxjF2fixyH+Q71voWHeOkI2q/TnJao/KfXYIZWbw=="],

    "es-urlcat": ["es-urlcat@1.0.0", "", { "dependencies": { "qs": "^6.9.4" } }, "sha512-7q8UzHPjtlsacdmn4M/ZCcGoBK3JtG8zRYzDA4zpj+l2yeXHSoDd8yeapiy+5wRYwqRw6xCakHBlRagOjBtojg=="],

    "esbuild": ["esbuild@0.23.1", "", { "optionalDependencies": { "@esbuild/aix-ppc64": "0.23.1", "@esbuild/android-arm": "0.23.1", "@esbuild/android-arm64": "0.23.1", "@esbuild/android-x64": "0.23.1", "@esbuild/darwin-arm64": "0.23.1", "@esbuild/darwin-x64": "0.23.1", "@esbuild/freebsd-arm64": "0.23.1", "@esbuild/freebsd-x64": "0.23.1", "@esbuild/linux-arm": "0.23.1", "@esbuild/linux-arm64": "0.23.1", "@esbuild/linux-ia32": "0.23.1", "@esbuild/linux-loong64": "0.23.1", "@esbuild/linux-mips64el": "0.23.1", "@esbuild/linux-ppc64": "0.23.1", "@esbuild/linux-riscv64": "0.23.1", "@esbuild/linux-s390x": "0.23.1", "@esbuild/linux-x64": "0.23.1", "@esbuild/netbsd-x64": "0.23.1", "@esbuild/openbsd-arm64": "0.23.1", "@esbuild/openbsd-x64": "0.23.1", "@esbuild/sunos-x64": "0.23.1", "@esbuild/win32-arm64": "0.23.1", "@esbuild/win32-ia32": "0.23.1", "@esbuild/win32-x64": "0.23.1" }, "bin": { "esbuild": "bin/esbuild" } }, "sha512-VVNz/9Sa0bs5SELtn3f7qhJCDPCF5oMEl5cO9/SSinpE9hbPVvxbd572HH5AKiP7WD8INO53GgfDDhRjkylHEg=="],

    "exif-parser": ["exif-parser@0.1.12", "", {}, "sha512-c2bQfLNbMzLPmzQuOr8fy0csy84WmwnER81W88DzTp9CYNPJ6yzOj2EZAh9pywYpqHnshVLHQJ8WzldAyfY+Iw=="],

    "file-type": ["file-type@16.5.4", "", { "dependencies": { "readable-web-to-node-stream": "^3.0.0", "strtok3": "^6.2.4", "token-types": "^4.1.1" } }, "sha512-/yFHK0aGjFEgDJjEKP0pWCplsPFPhwyfwevf/pVxiN0tmE4L9LmwWxWukdJSHdoCli4VgQLehjJtwQBnqmsKcw=="],

    "fsevents": ["fsevents@2.3.3", "", { "os": "darwin" }, "sha512-5xoDfX+fL7faATnagmWPpbFtwh/R77WmMMqqHGS65C3vvB0YHrgF+B1YmZ3441tMj5n63k0212XNoJwzlhffQw=="],

    "function-bind": ["function-bind@1.1.2", "", {}, "sha512-7XHNxH7qX9xG5mIwxkhumTox/MIRNcOgDrxWsMt2pAr23WHp6MrRlN7FBSFpCpr+oVO0F744iUgR82nJMfG2SA=="],

    "get-intrinsic": ["get-intrinsic@1.2.7", "", { "dependencies": { "call-bind-apply-helpers": "^1.0.1", "es-define-property": "^1.0.1", "es-errors": "^1.3.0", "es-object-atoms": "^1.0.0", "function-bind": "^1.1.2", "get-proto": "^1.0.0", "gopd": "^1.2.0", "has-symbols": "^1.1.0", "hasown": "^2.0.2", "math-intrinsics": "^1.1.0" } }, "sha512-VW6Pxhsrk0KAOqs3WEd0klDiF/+V7gQOpAvY1jVU/LHmaD/kQO4523aiJuikX/QAKYiW6x8Jh+RJej1almdtCA=="],

    "get-proto": ["get-proto@1.0.1", "", { "dependencies": { "dunder-proto": "^1.0.1", "es-object-atoms": "^1.0.0" } }, "sha512-sTSfBjoXBp89JvIKIefqw7U2CCebsc74kiY6awiGogKtoSGbgjYE/G/+l9sF3MWFPNc9IcoOC4ODfKHfxFmp0g=="],

    "get-tsconfig": ["get-tsconfig@4.8.1", "", { "dependencies": { "resolve-pkg-maps": "^1.0.0" } }, "sha512-k9PN+cFBmaLWtVz29SkUoqU5O0slLuHJXt/2P+tMVFT+phsSGXGkp9t3rQIqdz0e+06EHNGs3oM6ZX1s2zHxRg=="],

    "gifwrap": ["gifwrap@0.10.1", "", { "dependencies": { "image-q": "^4.0.0", "omggif": "^1.0.10" } }, "sha512-2760b1vpJHNmLzZ/ubTtNnEx5WApN/PYWJvXvgS+tL1egTTthayFYIQQNi136FLEDcN/IyEY2EcGpIITD6eYUw=="],

    "gopd": ["gopd@1.2.0", "", {}, "sha512-ZUKRh6/kUFoAiTAtTYPZJ3hw9wNxx+BIBOijnlG9PnrJsCcSjs1wyyD6vJpaYtgnzDrKYRSqf3OO6Rfa93xsRg=="],

    "has-symbols": ["has-symbols@1.1.0", "", {}, "sha512-1cDNdwJ2Jaohmb3sg4OmKaMBwuC48sYni5HUw2DvsC8LjGTLK9h+eb1X6RyuOHe4hT0ULCW68iomhjUoKUqlPQ=="],

    "hasown": ["hasown@2.0.2", "", { "dependencies": { "function-bind": "^1.1.2" } }, "sha512-0hJU9SCPvmMzIBdZFqNPXWa6dqh7WdH0cII9y+CyS8rG3nL48Bclra9HmKhVVUHyPWNH5Y7xDwAB7bfgSjkUMQ=="],

    "ieee754": ["ieee754@1.2.1", "", {}, "sha512-dcyqhDvX1C46lXZcVqCpK+FtMRQVdIMN6/Df5js2zouUsqG7I6sFxitIC+7KYK29KdXOLHdu9zL4sFnoVQnqaA=="],

    "image-q": ["image-q@4.0.0", "", { "dependencies": { "@types/node": "16.9.1" } }, "sha512-PfJGVgIfKQJuq3s0tTDOKtztksibuUEbJQIYT3by6wctQo+Rdlh7ef4evJ5NCdxY4CfMbvFkocEwbl4BF8RlJw=="],

    "inherits": ["inherits@2.0.4", "", {}, "sha512-k/vGaX4/Yla3WzyMCvTQOXYeIHvqOKtnqBduzTHpzpQZzAskKMhZ2K+EnBiSM9zGSoIFeMpXKxa4dYeZIQqewQ=="],

    "jimp": ["jimp@1.6.0", "", { "dependencies": { "@jimp/core": "1.6.0", "@jimp/diff": "1.6.0", "@jimp/js-bmp": "1.6.0", "@jimp/js-gif": "1.6.0", "@jimp/js-jpeg": "1.6.0", "@jimp/js-png": "1.6.0", "@jimp/js-tiff": "1.6.0", "@jimp/plugin-blit": "1.6.0", "@jimp/plugin-blur": "1.6.0", "@jimp/plugin-circle": "1.6.0", "@jimp/plugin-color": "1.6.0", "@jimp/plugin-contain": "1.6.0", "@jimp/plugin-cover": "1.6.0", "@jimp/plugin-crop": "1.6.0", "@jimp/plugin-displace": "1.6.0", "@jimp/plugin-dither": "1.6.0", "@jimp/plugin-fisheye": "1.6.0", "@jimp/plugin-flip": "1.6.0", "@jimp/plugin-hash": "1.6.0", "@jimp/plugin-mask": "1.6.0", "@jimp/plugin-print": "1.6.0", "@jimp/plugin-quantize": "1.6.0", "@jimp/plugin-resize": "1.6.0", "@jimp/plugin-rotate": "1.6.0", "@jimp/plugin-threshold": "1.6.0", "@jimp/types": "1.6.0", "@jimp/utils": "1.6.0" } }, "sha512-YcwCHw1kiqEeI5xRpDlPPBGL2EOpBKLwO4yIBJcXWHPj5PnA5urGq0jbyhM5KoNpypQ6VboSoxc9D8HyfvngSg=="],

    "jpeg-js": ["jpeg-js@0.4.4", "", {}, "sha512-WZzeDOEtTOBK4Mdsar0IqEU5sMr3vSV2RqkAIzUEV2BHnUfKGyswWFPFwK5EeDo93K3FohSHbLAjj0s1Wzd+dg=="],

    "math-intrinsics": ["math-intrinsics@1.1.0", "", {}, "sha512-/IXtbwEk5HTPyEwyKX6hGkYXxM9nbj64B+ilVJnC/R6B0pH5G4V3b0pVbL7DBj4tkhBAppbQUlf6F6Xl9LHu1g=="],

    "mime": ["mime@3.0.0", "", { "bin": { "mime": "cli.js" } }, "sha512-jSCU7/VB1loIWBZe14aEYHU/+1UMEHoaO7qxCOVJOw9GgH72VAWppxNcjU+x9a2k3GSIBXNKxXQFqRvvZ7vr3A=="],

    "object-inspect": ["object-inspect@1.13.3", "", {}, "sha512-kDCGIbxkDSXE3euJZZXzc6to7fCrKHNI/hSRQnRuQ+BWjFNzZwiFF8fj/6o2t2G9/jTj8PSIYTfCLelLZEeRpA=="],

    "omggif": ["omggif@1.0.10", "", {}, "sha512-LMJTtvgc/nugXj0Vcrrs68Mn2D1r0zf630VNtqtpI1FEO7e+O9FP4gqs9AcnBaSEeoHIPm28u6qgPR0oyEpGSw=="],

    "pako": ["pako@1.0.11", "", {}, "sha512-4hLB8Py4zZce5s4yd9XzopqwVv/yGNhV1Bl8NTmCq1763HeK2+EwVTv+leGeL13Dnh2wfbqowVPXCIO0z4taYw=="],

    "parse-bmfont-ascii": ["parse-bmfont-ascii@1.0.6", "", {}, "sha512-U4RrVsUFCleIOBsIGYOMKjn9PavsGOXxbvYGtMOEfnId0SVNsgehXh1DxUdVPLoxd5mvcEtvmKs2Mmf0Mpa1ZA=="],

    "parse-bmfont-binary": ["parse-bmfont-binary@1.0.6", "", {}, "sha512-GxmsRea0wdGdYthjuUeWTMWPqm2+FAd4GI8vCvhgJsFnoGhTrLhXDDupwTo7rXVAgaLIGoVHDZS9p/5XbSqeWA=="],

    "parse-bmfont-xml": ["parse-bmfont-xml@1.1.6", "", { "dependencies": { "xml-parse-from-string": "^1.0.0", "xml2js": "^0.5.0" } }, "sha512-0cEliVMZEhrFDwMh4SxIyVJpqYoOWDJ9P895tFuS+XuNzI5UBmBk5U5O4KuJdTnZpSBI4LFA2+ZiJaiwfSwlMA=="],

    "peek-readable": ["peek-readable@4.1.0", "", {}, "sha512-ZI3LnwUv5nOGbQzD9c2iDG6toheuXSZP5esSHBjopsXH4dg19soufvpUGA3uohi5anFtGb2lhAVdHzH6R/Evvg=="],

    "pixelmatch": ["pixelmatch@5.3.0", "", { "dependencies": { "pngjs": "^6.0.0" }, "bin": { "pixelmatch": "bin/pixelmatch" } }, "sha512-o8mkY4E/+LNUf6LzX96ht6k6CEDi65k9G2rjMtBe9Oo+VPKSvl+0GKHuH/AlG+GA5LPG/i5hrekkxUc3s2HU+Q=="],

    "pngjs": ["pngjs@7.0.0", "", {}, "sha512-LKWqWJRhstyYo9pGvgor/ivk2w94eSjE3RGVuzLGlr3NmD8bf7RcYGze1mNdEHRP6TRP6rMuDHk5t44hnTRyow=="],

    "prettier": ["prettier@3.4.2", "", { "bin": { "prettier": "bin/prettier.cjs" } }, "sha512-e9MewbtFo+Fevyuxn/4rrcDAaq0IYxPGLvObpQjiZBMAzB9IGmzlnG9RZy3FFas+eBMu2vA0CszMeduow5dIuQ=="],

    "qs": ["qs@6.13.1", "", { "dependencies": { "side-channel": "^1.0.6" } }, "sha512-EJPeIn0CYrGu+hli1xilKAPXODtJ12T0sP63Ijx2/khC2JtuaN3JyNIpvmnkmaEtha9ocbG4A4cMcr+TvqvwQg=="],

    "react": ["react@19.0.0", "", {}, "sha512-V8AVnmPIICiWpGfm6GLzCR/W5FXLchHop40W4nXBmdlEceh16rCN8O8LNWm5bh5XUX91fh7KpA+W0TgMKmgTpQ=="],

    "readable-stream": ["readable-stream@3.6.2", "", { "dependencies": { "inherits": "^2.0.3", "string_decoder": "^1.1.1", "util-deprecate": "^1.0.1" } }, "sha512-9u/sniCrY3D5WdsERHzHE4G2YCXqoG5FTHUiCC4SIbr6XcLZBY05ya9EKjYek9O5xOAwjGq+1JdGBAS7Q9ScoA=="],

    "readable-web-to-node-stream": ["readable-web-to-node-stream@3.0.2", "", { "dependencies": { "readable-stream": "^3.6.0" } }, "sha512-ePeK6cc1EcKLEhJFt/AebMCLL+GgSKhuygrZ/GLaKZYEecIgIECf4UaUuaByiGtzckwR4ain9VzUh95T1exYGw=="],

    "resolve-pkg-maps": ["resolve-pkg-maps@1.0.0", "", {}, "sha512-seS2Tj26TBVOC2NIc2rOe2y2ZO7efxITtLZcGSOnHHNOQ7CkiUBfw0Iw2ck6xkIhPwLhKNLS8BO+hEpngQlqzw=="],

    "safe-buffer": ["safe-buffer@5.2.1", "", {}, "sha512-rp3So07KcdmmKbGvgaNxQSJr7bGVSVk5S9Eq1F+ppbRo70+YeaDxkw5Dd8NPN+GD6bjnYm2VuPuCXmpuYvmCXQ=="],

    "sax": ["sax@1.4.1", "", {}, "sha512-+aWOz7yVScEGoKNd4PA10LZ8sk0A/z5+nXQG5giUO5rprX9jgYsTdov9qCchZiPIZezbZH+jRut8nPodFAX4Jg=="],

    "side-channel": ["side-channel@1.1.0", "", { "dependencies": { "es-errors": "^1.3.0", "object-inspect": "^1.13.3", "side-channel-list": "^1.0.0", "side-channel-map": "^1.0.1", "side-channel-weakmap": "^1.0.2" } }, "sha512-ZX99e6tRweoUXqR+VBrslhda51Nh5MTQwou5tnUDgbtyM0dBgmhEDtWGP/xbKn6hqfPRHujUNwz5fy/wbbhnpw=="],

    "side-channel-list": ["side-channel-list@1.0.0", "", { "dependencies": { "es-errors": "^1.3.0", "object-inspect": "^1.13.3" } }, "sha512-FCLHtRD/gnpCiCHEiJLOwdmFP+wzCmDEkc9y7NsYxeF4u7Btsn1ZuwgwJGxImImHicJArLP4R0yX4c2KCrMrTA=="],

    "side-channel-map": ["side-channel-map@1.0.1", "", { "dependencies": { "call-bound": "^1.0.2", "es-errors": "^1.3.0", "get-intrinsic": "^1.2.5", "object-inspect": "^1.13.3" } }, "sha512-VCjCNfgMsby3tTdo02nbjtM/ewra6jPHmpThenkTYh8pG9ucZ/1P8So4u4FGBek/BjpOVsDCMoLA/iuBKIFXRA=="],

    "side-channel-weakmap": ["side-channel-weakmap@1.0.2", "", { "dependencies": { "call-bound": "^1.0.2", "es-errors": "^1.3.0", "get-intrinsic": "^1.2.5", "object-inspect": "^1.13.3", "side-channel-map": "^1.0.1" } }, "sha512-WPS/HvHQTYnHisLo9McqBHOJk2FkHO/tlpvldyrnem4aeQp4hai3gythswg6p01oSoTl58rcpiFAjF2br2Ak2A=="],

    "simple-xml-to-json": ["simple-xml-to-json@1.2.3", "", {}, "sha512-kWJDCr9EWtZ+/EYYM5MareWj2cRnZGF93YDNpH4jQiHB+hBIZnfPFSQiVMzZOdk+zXWqTZ/9fTeQNu2DqeiudA=="],

    "string_decoder": ["string_decoder@1.3.0", "", { "dependencies": { "safe-buffer": "~5.2.0" } }, "sha512-hkRX8U1WjJFd8LsDJ2yQ/wWWxaopEsABU1XfkM8A+j0+85JAGppt16cr1Whg6KIbb4okU6Mql6BOj+uup/wKeA=="],

    "strtok3": ["strtok3@6.3.0", "", { "dependencies": { "@tokenizer/token": "^0.3.0", "peek-readable": "^4.1.0" } }, "sha512-fZtbhtvI9I48xDSywd/somNqgUHl2L2cstmXCCif0itOf96jeW18MBSyrLuNicYQVkvpOxkZtkzujiTJ9LW5Jw=="],

    "tinycolor2": ["tinycolor2@1.6.0", "", {}, "sha512-XPaBkWQJdsf3pLKJV9p4qN/S+fm2Oj8AIPo1BTUhg5oxkvm9+SVEGFdhyOz7tTdUTfvxMiAs4sp6/eZO2Ew+pw=="],

    "token-types": ["token-types@4.2.1", "", { "dependencies": { "@tokenizer/token": "^0.3.0", "ieee754": "^1.2.1" } }, "sha512-6udB24Q737UD/SDsKAHI9FCRP7Bqc9D/MQUV02ORQg5iskjtLJlZJNdN4kKtcdtwCeWIwIHDGaUsTsCCAa8sFQ=="],

    "tsx": ["tsx@4.19.2", "", { "dependencies": { "esbuild": "~0.23.0", "get-tsconfig": "^4.7.5" }, "optionalDependencies": { "fsevents": "~2.3.3" }, "bin": { "tsx": "dist/cli.mjs" } }, "sha512-pOUl6Vo2LUq/bSa8S5q7b91cgNSjctn9ugq/+Mvow99qW6x/UZYwzxy/3NmqoT66eHYfCVvFvACC58UBPFf28g=="],

    "typescript": ["typescript@5.7.3", "", { "bin": { "tsc": "bin/tsc", "tsserver": "bin/tsserver" } }, "sha512-84MVSjMEHP+FQRPy3pX9sTVV/INIex71s9TL2Gm5FG/WG1SqXeKyZ0k7/blY/4FdOzI12CBy1vGc4og/eus0fw=="],

    "uWebSockets.js": ["uWebSockets.js@github:kaito-http/uWebSockets.js#6609a88", {}, "kaito-http-uWebSockets.js-6609a88"],

    "undici-types": ["undici-types@6.20.0", "", {}, "sha512-Ny6QZ2Nju20vw1SRHe3d9jVu6gJ+4e3+MMpqu7pqE5HT6WsTSlce++GQmK5UXS8mzV8DSYHrQH+Xrf2jVcuKNg=="],

    "utif2": ["utif2@4.1.0", "", { "dependencies": { "pako": "^1.0.11" } }, "sha512-+oknB9FHrJ7oW7A2WZYajOcv4FcDR4CfoGB0dPNfxbi4GO05RRnFmt5oa23+9w32EanrYcSJWspUiJkLMs+37w=="],

    "util-deprecate": ["util-deprecate@1.0.2", "", {}, "sha512-EPD5q1uXyFxJpCrLnCc1nHnq3gOa6DZBocAIiI2TaSCA7VCJ1UJDMagCzIkXNsUYfD1daK//LTEQ8xiIbrHtcw=="],

    "xml-parse-from-string": ["xml-parse-from-string@1.0.1", "", {}, "sha512-ErcKwJTF54uRzzNMXq2X5sMIy88zJvfN2DmdoQvy7PAFJ+tPRU6ydWuOKNMyfmOjdyBQTFREi60s0Y0SyI0G0g=="],

    "xml2js": ["xml2js@0.5.0", "", { "dependencies": { "sax": ">=0.6.0", "xmlbuilder": "~11.0.0" } }, "sha512-drPFnkQJik/O+uPKpqSgr22mpuFHqKdbS835iAQrUC73L2F5WkboIRd63ai/2Yg6I1jzifPFKH2NTK+cfglkIA=="],

    "xmlbuilder": ["xmlbuilder@11.0.1", "", {}, "sha512-fDlsI/kFEx7gLvbecc0/ohLG50fugQp8ryHzMTuW9vSa1GJ0XYWKnhsUx7oie3G98+r56aTQIUB4kht42R3JvA=="],

    "zod": ["zod@3.24.1", "", {}, "sha512-muH7gBL9sI1nciMZV67X5fTKKBLtwpZ5VBp1vsOQzj1MhrBZ4wlVCm3gedKZWLp0Oyel8sIGfeiz54Su+OVT+A=="],

    "image-q/@types/node": ["@types/node@16.9.1", "", {}, "sha512-QpLcX9ZSsq3YYUUnD3nFDY8H7wctAhQj/TFKL8Ya8v5fMm3CFXxo8zStsLAl780ltoYoo1WvKUVGBQK+1ifr7g=="],

    "pixelmatch/pngjs": ["pngjs@6.0.0", "", {}, "sha512-TRzzuFRRmEoSW/p1KVAmiOgPco2Irlah+bGFCeNfJXxxYGwSw7YwAOAcd7X28K/m5bjBWKsC29KyoMfHbypayg=="],
  }
}
